lockfileVersion: 5.4

specifiers:
  restify: ^8.6.1

dependencies:
  restify: 8.6.1

packages:

  /@netflix/nerror/1.1.3:
    resolution: {integrity: sha512-b+MGNyP9/LXkapreJzNUzcvuzZslj/RGgdVVJ16P2wSlYatfLycPObImqVJSmNAdyeShvNeM/pl3sVZsObFueg==}
    dependencies:
      assert-plus: 1.0.0
      extsprintf: 1.4.1
      lodash: 4.17.21
    dev: false

  /asn1/0.2.6:
    resolution: {integrity: sha512-ix/FxPn0MDjeyJ7i/yoHGFt/EX6LyNbxSEhPPXODPL+KB0VPk86UYfL0lMdy+KCnv+fmvIzySwaK5COwqVbWTQ==}
    dependencies:
      safer-buffer: 2.1.2
    dev: false

  /assert-plus/1.0.0:
    resolution: {integrity: sha512-NfJ4UzBCcQGLDlQq7nHxH+tv3kyZ0hHQqF5BO6J7tNJeP5do1llPr8dZ8zHonfhAu0PHAdMkSo+8o0wxg9lZWw==}
    engines: {node: '>=0.8'}
    dev: false

  /balanced-match/1.0.2:
    resolution: {integrity: sha512-3oSeUO0TMV67hN1AmbXsK4yaqU7tjiHlbxRDZOpH0KW9+CeX4bRAaX0Anxt0tx2MrpRpWwQaPwIlISEJhYU5Pw==}
    dev: false
    optional: true

  /bcrypt-pbkdf/1.0.2:
    resolution: {integrity: sha512-qeFIXtP4MSoi6NLqO12WfqARWWuCKi2Rn/9hJLEmtB5yTNr9DqFWkJRCf2qShWzPeAMRnOgCrq0sg/KLv5ES9w==}
    dependencies:
      tweetnacl: 0.14.5
    dev: false

  /brace-expansion/1.1.11:
    resolution: {integrity: sha512-iCuPHDFgrHX7H2vEI/5xpz07zSHB00TpugqhmYtVmMO6518mCuRMoOYFldEBl0g187ufozdaHgWKcYFb61qGiA==}
    dependencies:
      balanced-match: 1.0.2
      concat-map: 0.0.1
    dev: false
    optional: true

  /bunyan/1.8.15:
    resolution: {integrity: sha512-0tECWShh6wUysgucJcBAoYegf3JJoZWibxdqhTm7OHPeT42qdjkZ29QCMcKwbgU1kiH+auSIasNRXMLWXafXig==}
    engines: {'0': node >=0.10.0}
    hasBin: true
    optionalDependencies:
      dtrace-provider: 0.8.8
      moment: 2.29.4
      mv: 2.1.1
      safe-json-stringify: 1.2.0
    dev: false

  /call-bind/1.0.2:
    resolution: {integrity: sha512-7O+FbCihrB5WGbFYesctwmTKae6rOiIzmz1icreWJ+0aA7LJfuqhEso2T9ncpcFtzMQtzXf2QGGueWJGTYsqrA==}
    dependencies:
      function-bind: 1.1.1
      get-intrinsic: 1.1.3
    dev: false

  /concat-map/0.0.1:
    resolution: {integrity: sha1-2Klr13/Wjfd5OnMDajug1UBdR3s=}
    dev: false
    optional: true

  /core-util-is/1.0.2:
    resolution: {integrity: sha512-3lqz5YjWTYnW6dlDa5TLaTCcShfar1e40rmcJVwCBJC6mWlFuj0eCHIElmG1g5kyuJ/GD+8Wn4FFCcz4gJPfaQ==}
    dev: false

  /core-util-is/1.0.3:
    resolution: {integrity: sha512-ZQBvi1DcpJ4GDqanjucZ2Hj3wEO5pZDS89BWbkcrvdxksJorwUDDZamX9ldFkp9aw2lmBDLgkObEA4DWNJ9FYQ==}
    dev: false

  /csv-generate/3.4.3:
    resolution: {integrity: sha512-w/T+rqR0vwvHqWs/1ZyMDWtHHSJaN06klRqJXBEpDJaM/+dZkso0OKh1VcuuYvK3XM53KysVNq8Ko/epCK8wOw==}
    dev: false

  /csv-parse/4.16.3:
    resolution: {integrity: sha512-cO1I/zmz4w2dcKHVvpCr7JVRu8/FymG5OEpmvsZYlccYolPBLoVGKUHgNoc4ZGkFeFlWGEDmMyBM+TTqRdW/wg==}
    dev: false

  /csv-stringify/5.6.5:
    resolution: {integrity: sha512-PjiQ659aQ+fUTQqSrd1XEDnOr52jh30RBurfzkscaE2tPaFsDH5wOAHJiw8XAHphRknCwMUE9KRayc4K/NbO8A==}
    dev: false

  /csv/5.5.3:
    resolution: {integrity: sha512-QTaY0XjjhTQOdguARF0lGKm5/mEq9PD9/VhZZegHDIBq2tQwgNpHc3dneD4mGo2iJs+fTKv5Bp0fZ+BRuY3Z0g==}
    engines: {node: '>= 0.1.90'}
    dependencies:
      csv-generate: 3.4.3
      csv-parse: 4.16.3
      csv-stringify: 5.6.5
      stream-transform: 2.1.3
    dev: false

  /dashdash/1.14.1:
    resolution: {integrity: sha512-jRFi8UDGo6j+odZiEpjazZaWqEal3w/basFjQHQEwVtZJGDpxbH1MeYluwCS8Xq5wmLJooDlMgvVarmWfGM44g==}
    engines: {node: '>=0.10'}
    dependencies:
      assert-plus: 1.0.0
    dev: false

  /debug/2.6.9:
    resolution: {integrity: sha512-bC7ElrdJaJnPbAP+1EotYvqZsb3ecl5wi6Bfi6BJTUcNowp6cvspg0jXznRTKDjm/E7AdgFBVeAPVMNcKGsHMA==}
    peerDependencies:
      supports-color: '*'
    peerDependenciesMeta:
      supports-color:
        optional: true
    dependencies:
      ms: 2.0.0
    dev: false

  /debug/4.3.4:
    resolution: {integrity: sha512-PRWFHuSU3eDtQJPvnNY7Jcket1j0t5OuOsFzPPzsekD52Zl8qUfFIPEiswXqIvHWGVHOgX+7G/vCNNhehwxfkQ==}
    engines: {node: '>=6.0'}
    peerDependencies:
      supports-color: '*'
    peerDependenciesMeta:
      supports-color:
        optional: true
    dependencies:
      ms: 2.1.2
    dev: false

  /depd/1.1.2:
    resolution: {integrity: sha512-7emPTl6Dpo6JRXOXjLRxck+FlLRX5847cLKEn00PLAgc3g2hTZZgr+e4c2v6QpSmLeFP3n5yUo7ft6avBK/5jQ==}
    engines: {node: '>= 0.6'}
    dev: false

  /destroy/1.0.4:
    resolution: {integrity: sha512-3NdhDuEXnfun/z7x9GOElY49LoqVHoGScmOKwmxhsS8N5Y+Z8KyPPDnaSzqWgYt/ji4mqwfTS34Htrk0zPIXVg==}
    dev: false

  /detect-node/2.1.0:
    resolution: {integrity: sha512-T0NIuQpnTvFDATNuHN5roPwSBG83rFsuO+MXXH9/3N1eFbn4wcPjttvjMLEPWJ0RGUYgQE7cGgS3tNxbqCGM7g==}
    dev: false

  /dtrace-provider/0.8.8:
    resolution: {integrity: sha512-b7Z7cNtHPhH9EJhNNbbeqTcXB8LGFFZhq1PGgEvpeHlzd36bhbdTWoE/Ba/YguqpBSlAPKnARWhVlhunCMwfxg==}
    engines: {node: '>=0.10'}
    requiresBuild: true
    dependencies:
      nan: 2.16.0
    dev: false
    optional: true

  /ecc-jsbn/0.1.2:
    resolution: {integrity: sha512-eh9O+hwRHNbG4BLTjEl3nw044CkGm5X6LoaCf7LPp7UU8Qrt47JYNi6nPX8xjW97TKGKm1ouctg0QSpZe9qrnw==}
    dependencies:
      jsbn: 0.1.1
      safer-buffer: 2.1.2
    dev: false

  /ee-first/1.1.1:
    resolution: {integrity: sha1-WQxhFWsK4vTwJVcyoViyZrxWsh0=}
    dev: false

  /encodeurl/1.0.2:
    resolution: {integrity: sha512-TPJXq8JqFaVYm2CWmPvnP2Iyo4ZSM7/QKcSmuMLDObfpH5fi7RUGmd/rTDf+rut/saiDiQEeVTNgAmJEdAOx0w==}
    engines: {node: '>= 0.8'}
    dev: false

  /escape-html/1.0.3:
    resolution: {integrity: sha512-NiSupZ4OeuGwr68lGIeym/ksIZMJodUGOSCZ/FSnTxcrekbvqrgdUxlJOMpijaKZVjAJrWrGs/6Jy8OMuyj9ow==}
    dev: false

  /escape-regexp-component/1.0.2:
    resolution: {integrity: sha512-B0yxafj1D1ZTNEHkFoQxz4iboZSfaZHhaNhIug7GcUCL4ZUrVSJZTmWUAkPOFaYDfi3RNT9XM082TuGE6jpmiQ==}
    dev: false

  /etag/1.8.1:
    resolution: {integrity: sha512-aIL5Fx7mawVa300al2BnEE4iNvo1qETxLrPI/o05L7z6go7fCw1J6EQmbK4FmJ2AS7kgVF/KEZWufBfdClMcPg==}
    engines: {node: '>= 0.6'}
    dev: false

  /ewma/2.0.1:
    resolution: {integrity: sha512-MYYK17A76cuuyvkR7MnqLW4iFYPEi5Isl2qb8rXiWpLiwFS9dxW/rncuNnjjgSENuVqZQkIuR4+DChVL4g1lnw==}
    dependencies:
      assert-plus: 1.0.0
    dev: false

  /extsprintf/1.3.0:
    resolution: {integrity: sha512-11Ndz7Nv+mvAC1j0ktTa7fAb0vLyGGX+rMHNBYQviQDGU0Hw7lhctJANqbPhu9nV9/izT/IntTgZ7Im/9LJs9g==}
    engines: {'0': node >=0.6.0}
    dev: false

  /extsprintf/1.4.1:
    resolution: {integrity: sha512-Wrk35e8ydCKDj/ArClo1VrPVmN8zph5V4AtHwIuHhvMXsKf73UT3BOD+azBIW+3wOJ4FhEH7zyaJCFvChjYvMA==}
    engines: {'0': node >=0.6.0}
    dev: false

  /fast-decode-uri-component/1.0.1:
    resolution: {integrity: sha512-WKgKWg5eUxvRZGwW8FvfbaH7AXSh2cL+3j5fMGzUMCxWBJ3dV3a7Wz8y2f/uQ0e3B6WmodD3oS54jTQ9HVTIIg==}
    dev: false

  /find-my-way/2.2.5:
    resolution: {integrity: sha512-GjRZZlGcGmTh9t+6Xrj5K0YprpoAFCAiCPgmAH9Kb09O4oX6hYuckDfnDipYj+Q7B1GtYWSzDI5HEecNYscLQg==}
    engines: {node: '>=6'}
    dependencies:
      fast-decode-uri-component: 1.0.1
      safe-regex2: 2.0.0
      semver-store: 0.3.0
    dev: false

  /formidable/1.2.6:
    resolution: {integrity: sha512-KcpbcpuLNOwrEjnbpMC0gS+X8ciDoZE1kkqzat4a8vrprf+s9pKNQ/QIwWfbfs4ltgmFl3MD177SNTkve3BwGQ==}
    deprecated: 'Please upgrade to latest, formidable@v2 or formidable@v3! Check these notes: https://bit.ly/2ZEqIau'
    dev: false

  /fresh/0.5.2:
    resolution: {integrity: sha1-PYyt2Q2XZWn6g1qx+OSyOhBWBac=}
    engines: {node: '>= 0.6'}
    dev: false

  /function-bind/1.1.1:
    resolution: {integrity: sha512-yIovAzMX49sF8Yl58fSCWJ5svSLuaibPxXQJFLmBObTuCr0Mf1KiPopGM9NiFjiYBCbfaa2Fh6breQ6ANVTI0A==}
    dev: false

  /get-intrinsic/1.1.3:
    resolution: {integrity: sha512-QJVz1Tj7MS099PevUG5jvnt9tSkXN8K14dxQlikJuPt4uD9hHAHjLyLBiLR5zELelBdD9QNRAXZzsJx0WaDL9A==}
    dependencies:
      function-bind: 1.1.1
      has: 1.0.3
      has-symbols: 1.0.3
    dev: false

  /getpass/0.1.7:
    resolution: {integrity: sha512-0fzj9JxOLfJ+XGLhR8ze3unN0KZCgZwiSSDz168VERjK8Wl8kVSdcu2kspd4s4wtAa1y/qrVRiAA0WclVsu0ng==}
    dependencies:
      assert-plus: 1.0.0
    dev: false

  /glob/6.0.4:
    resolution: {integrity: sha512-MKZeRNyYZAVVVG1oZeLaWie1uweH40m9AZwIwxyPbTSX4hHrVYSzLg0Ro5Z5R7XKkIX+Cc6oD1rqeDJnwsB8/A==}
    dependencies:
      inflight: 1.0.6
      inherits: 2.0.4
      minimatch: 3.1.2
      once: 1.4.0
      path-is-absolute: 1.0.1
    dev: false
    optional: true

  /handle-thing/2.0.1:
    resolution: {integrity: sha512-9Qn4yBxelxoh2Ow62nP+Ka/kMnOXRi8BXnRaUwezLNhqelnN49xKz4F/dPP8OYLxLxq6JDtZb2i9XznUQbNPTg==}
    dev: false

  /has-symbols/1.0.3:
    resolution: {integrity: sha512-l3LCuF6MgDNwTDKkdYGEihYjt5pRPbEg46rtlmnSPlUbgmB8LOIrKJbYYFBSbnPaJexMKtiPO8hmeRjRz2Td+A==}
    engines: {node: '>= 0.4'}
    dev: false

  /has/1.0.3:
    resolution: {integrity: sha512-f2dvO0VU6Oej7RkWJGrehjbzMAjFp5/VKPp5tTpWIV4JHHZK1/BxbFRtf/siA2SWTe09caDmVtYYzWEIbBS4zw==}
    engines: {node: '>= 0.4.0'}
    dependencies:
      function-bind: 1.1.1
    dev: false

  /hpack.js/2.1.6:
    resolution: {integrity: sha512-zJxVehUdMGIKsRaNt7apO2Gqp0BdqW5yaiGHXXmbpvxgBYVZnAql+BJb4RO5ad2MgpbZKn5G6nMnegrH1FcNYQ==}
    dependencies:
      inherits: 2.0.4
      obuf: 1.1.2
      readable-stream: 2.3.7
      wbuf: 1.7.3
    dev: false

  /http-deceiver/1.2.7:
    resolution: {integrity: sha512-LmpOGxTfbpgtGVxJrj5k7asXHCgNZp5nLfp+hWc8QQRqtb7fUy6kRY3BO1h9ddF6yIPYUARgxGOwB42DnxIaNw==}
    dev: false

  /http-errors/1.6.3:
    resolution: {integrity: sha512-lks+lVC8dgGyh97jxvxeYTWQFvh4uw4yC12gVl63Cg30sjPX4wuGcdkICVXDAESr6OJGjqGA8Iz5mkeN6zlD7A==}
    engines: {node: '>= 0.6'}
    dependencies:
      depd: 1.1.2
      inherits: 2.0.3
      setprototypeof: 1.1.0
      statuses: 1.4.0
    dev: false

  /http-signature/1.3.6:
    resolution: {integrity: sha512-3adrsD6zqo4GsTqtO7FyrejHNv+NgiIfAfv68+jVlFmSr9OGy7zrxONceFRLKvnnZA5jbxQBX1u9PpB6Wi32Gw==}
    engines: {node: '>=0.10'}
    dependencies:
      assert-plus: 1.0.0
      jsprim: 2.0.2
      sshpk: 1.17.0
    dev: false

  /inflight/1.0.6:
    resolution: {integrity: sha512-k92I/b08q4wvFscXCLvqfsHCrjrF7yiXsQuIVvVE7N82W3+aqpzuUdBbfhWcy/FZR3/4IgflMgKLOsvPDrGCJA==}
    dependencies:
      once: 1.4.0
      wrappy: 1.0.2
    dev: false
    optional: true

  /inherits/2.0.3:
    resolution: {integrity: sha512-x00IRNXNy63jwGkJmzPigoySHbaqpNuzKbBOmzK+g2OdZpQ9w+sxCN+VSB3ja7IAge2OP2qpfxTjeNcyjmW1uw==}
    dev: false

  /inherits/2.0.4:
    resolution: {integrity: sha512-k/vGaX4/Yla3WzyMCvTQOXYeIHvqOKtnqBduzTHpzpQZzAskKMhZ2K+EnBiSM9zGSoIFeMpXKxa4dYeZIQqewQ==}
    dev: false

  /isarray/1.0.0:
    resolution: {integrity: sha512-VLghIWNM6ELQzo7zwmcg0NmTVyWKYjvIeM83yjp0wRDTmUnrM678fQbcKBo6n2CJEF0szoG//ytg+TKla89ALQ==}
    dev: false

  /jsbn/0.1.1:
    resolution: {integrity: sha512-UVU9dibq2JcFWxQPA6KCqj5O42VOmAY3zQUfEKxU0KpTGXwNoCjkX1e13eHNvw/xPynt6pU0rZ1htjWTNTSXsg==}
    dev: false

  /json-schema/0.4.0:
    resolution: {integrity: sha512-es94M3nTIfsEPisRafak+HDLfHXnKBhV3vU5eqPcS3flIWqcxJWgXHXiey3YrpaNsanY5ei1VoYEbOzijuq9BA==}
    dev: false

  /jsprim/2.0.2:
    resolution: {integrity: sha512-gqXddjPqQ6G40VdnI6T6yObEC+pDNvyP95wdQhkWkg7crHH3km5qP1FsOXEkzEQwnz6gz5qGTn1c2Y52wP3OyQ==}
    engines: {'0': node >=0.6.0}
    dependencies:
      assert-plus: 1.0.0
      extsprintf: 1.3.0
      json-schema: 0.4.0
      verror: 1.10.0
    dev: false

  /lodash/4.17.21:
    resolution: {integrity: sha512-v2kDEe57lecTulaDIuNTPy3Ry4gLGJ6Z1O3vE1krgXZNrsQ+LFTGHVxVjcXPs17LhbZVGedAJv8XZ1tvj5FvSg==}
    dev: false

  /lru-cache/5.1.1:
    resolution: {integrity: sha512-KpNARQA3Iwv+jTA0utUVVbrh+Jlrr1Fv0e56GGzAFOXN7dk/FviaDW8LHmK52DlcH4WP2n6gI8vN1aesBFgo9w==}
    dependencies:
      yallist: 3.1.1
    dev: false

  /mime/1.4.1:
    resolution: {integrity: sha512-KI1+qOZu5DcW6wayYHSzR/tXKCDC5Om4s1z2QJjDULzLcmf3DvzS7oluY4HCTrc+9FiKmWUgeNLg7W3uIQvxtQ==}
    hasBin: true
    dev: false

  /mime/2.6.0:
    resolution: {integrity: sha512-USPkMeET31rOMiarsBNIHZKLGgvKc/LrjofAnBlOttf5ajRvqiRA8QsenbcooctK6d6Ts6aqZXBA+XbkKthiQg==}
    engines: {node: '>=4.0.0'}
    hasBin: true
    dev: false

  /minimalistic-assert/1.0.1:
    resolution: {integrity: sha512-UtJcAD4yEaGtjPezWuO9wC4nwUnVH/8/Im3yEHQP4b67cXlD/Qr9hdITCU1xDbSEXg2XKNaP8jsReV7vQd00/A==}
    dev: false

  /minimatch/3.1.2:
    resolution: {integrity: sha512-J7p63hRiAjw1NDEww1W7i37+ByIrOWO5XQQAzZ3VOcL0PNybwpfmV/N05zFAzwQ9USyEcX6t3UO+K5aqBQOIHw==}
    dependencies:
      brace-expansion: 1.1.11
    dev: false
    optional: true

  /minimist/1.2.6:
    resolution: {integrity: sha512-Jsjnk4bw3YJqYzbdyBiNsPWHPfO++UGG749Cxs6peCu5Xg4nrena6OVxOYxrQTqww0Jmwt+Ref8rggumkTLz9Q==}
    dev: false
    optional: true

  /mixme/0.5.4:
    resolution: {integrity: sha512-3KYa4m4Vlqx98GPdOHghxSdNtTvcP8E0kkaJ5Dlh+h2DRzF7zpuVVcA8B0QpKd11YJeP9QQ7ASkKzOeu195Wzw==}
    engines: {node: '>= 8.0.0'}
    dev: false

  /mkdirp/0.5.6:
    resolution: {integrity: sha512-FP+p8RB8OWpF3YZBCrP5gtADmtXApB5AMLn+vdyA+PyxCjrCs00mjyUozssO33cwDeT3wNGdLxJ5M//YqtHAJw==}
    hasBin: true
    dependencies:
      minimist: 1.2.6
    dev: false
    optional: true

  /moment/2.29.4:
    resolution: {integrity: sha512-5LC9SOxjSc2HF6vO2CyuTDNivEdoz2IvyJJGj6X8DJ0eFyfszE0QiEd+iXmBvUP3WHxSjFH/vIsA0EN00cgr8w==}
    requiresBuild: true
    dev: false
    optional: true

  /ms/2.0.0:
    resolution: {integrity: sha512-Tpp60P6IUJDTuOq/5Z8cdskzJujfwqfOTkrwIwj7IRISpnkJnT6SyJ4PCPnGMoFjC9ddhal5KVIYtAt97ix05A==}
    dev: false

  /ms/2.1.2:
    resolution: {integrity: sha512-sGkPx+VjMtmA6MX27oA4FBFELFCZZ4S4XqeGOXCv68tT+jb3vk/RyaKWP0PTKyWtmLSM0b+adUTEvbs1PEaH2w==}
    dev: false

  /mv/2.1.1:
    resolution: {integrity: sha512-at/ZndSy3xEGJ8i0ygALh8ru9qy7gWW1cmkaqBN29JmMlIvM//MEO9y1sk/avxuwnPcfhkejkLsuPxH81BrkSg==}
    engines: {node: '>=0.8.0'}
    requiresBuild: true
    dependencies:
      mkdirp: 0.5.6
      ncp: 2.0.0
      rimraf: 2.4.5
    dev: false
    optional: true

  /nan/2.16.0:
    resolution: {integrity: sha512-UdAqHyFngu7TfQKsCBgAA6pWDkT8MAO7d0jyOecVhN5354xbLqdn8mV9Tat9gepAupm0bt2DbeaSC8vS52MuFA==}
    dev: false
    optional: true

  /ncp/2.0.0:
    resolution: {integrity: sha512-zIdGUrPRFTUELUvr3Gmc7KZ2Sw/h1PiVM0Af/oHB6zgnV1ikqSfRk+TOufi79aHYCW3NiOXmr1BP5nWbzojLaA==}
    hasBin: true
    dev: false
    optional: true

  /negotiator/0.6.3:
    resolution: {integrity: sha512-+EUsqGPLsM+j/zdChZjsnX51g4XrHFOIXwfnCVPGlQk/k5giakcKsuxCObBRu6DSm9opw/O6slWbJdghQM4bBg==}
    engines: {node: '>= 0.6'}
    dev: false

  /object-inspect/1.12.2:
    resolution: {integrity: sha512-z+cPxW0QGUp0mcqcsgQyLVRDoXFQbXOwBaqyF7VIgI4TWNQsDHrBpUQslRmIfAoYWdYzs6UlKJtB2XJpTaNSpQ==}
    dev: false

  /obuf/1.1.2:
    resolution: {integrity: sha512-PX1wu0AmAdPqOL1mWhqmlOd8kOIZQwGZw6rh7uby9fTc5lhaOWFLX3I6R1hrF9k3zUY40e6igsLGkDXK92LJNg==}
    dev: false

  /on-finished/2.3.0:
    resolution: {integrity: sha512-ikqdkGAAyf/X/gPhXGvfgAytDZtDbr+bkNUJ0N9h5MI/dmdgCs3l6hoHrcUv41sRKew3jIwrp4qQDXiK99Utww==}
    engines: {node: '>= 0.8'}
    dependencies:
      ee-first: 1.1.1
    dev: false

  /once/1.4.0:
    resolution: {integrity: sha512-lNaJgI+2Q5URQBkccEKHTQOPaXdUxnZZElQTZY0MFUAuaEqe1E+Nyvgdz/aIyNi6Z9MzO5dv1H8n58/GELp3+w==}
    dependencies:
      wrappy: 1.0.2
    dev: false

  /path-is-absolute/1.0.1:
    resolution: {integrity: sha512-AVbw3UJ2e9bq64vSaS9Am0fje1Pa8pbGqTTsmXfaIiMpnr5DlDhfJOuLj9Sf95ZPVDAUerDfEk88MPmPe7UCQg==}
    engines: {node: '>=0.10.0'}
    dev: false
    optional: true

  /pidusage/2.0.21:
    resolution: {integrity: sha512-cv3xAQos+pugVX+BfXpHsbyz/dLzX+lr44zNMsYiGxUw+kV5sgQCIcLd1z+0vq+KyC7dJ+/ts2PsfgWfSC3WXA==}
    engines: {node: '>=8'}
    dependencies:
      safe-buffer: 5.2.1
    dev: false

  /process-nextick-args/2.0.1:
    resolution: {integrity: sha512-3ouUOpQhtgrbOa17J7+uxOTpITYWaGP7/AhoR3+A+/1e9skrzelGi/dXzEYyvbxubEF6Wn2ypscTKiKJFFn1ag==}
    dev: false

  /qs/6.11.0:
    resolution: {integrity: sha512-MvjoMCJwEarSbUYk5O+nmoSzSutSsTwF85zcHPQ9OrlFoZOYIjaqBAJIqIXjptyD5vThxGq52Xu/MaJzRkIk4Q==}
    engines: {node: '>=0.6'}
    dependencies:
      side-channel: 1.0.4
    dev: false

  /range-parser/1.2.1:
    resolution: {integrity: sha512-Hrgsx+orqoygnmhFbKaHE6c296J+HTAQXoxEF6gNupROmmGJRoyzfG3ccAveqCBrwr/2yxQ5BVd/GTl5agOwSg==}
    engines: {node: '>= 0.6'}
    dev: false

  /readable-stream/2.3.7:
    resolution: {integrity: sha512-Ebho8K4jIbHAxnuxi7o42OrZgF/ZTNcsZj6nRKyUmkhLFq8CHItp/fy6hQZuZmP/n3yZ9VBUbp4zz/mX8hmYPw==}
    dependencies:
      core-util-is: 1.0.3
      inherits: 2.0.4
      isarray: 1.0.0
      process-nextick-args: 2.0.1
      safe-buffer: 5.1.2
      string_decoder: 1.1.1
      util-deprecate: 1.0.2
    dev: false

  /readable-stream/3.6.0:
    resolution: {integrity: sha512-BViHy7LKeTz4oNnkcLJ+lVSL6vpiFeX6/d3oSH8zCW7UxP2onchk+vTGB143xuFjHS3deTgkKoXXymXqymiIdA==}
    engines: {node: '>= 6'}
    dependencies:
      inherits: 2.0.4
      string_decoder: 1.3.0
      util-deprecate: 1.0.2
    dev: false

  /restify-errors/8.0.2:
    resolution: {integrity: sha512-UsXUVQo7M26xoQzeUcZQ0+H8L2t9DGzrXcAgR3WB/1vnbl+UdI4tZ1PqYsN+sS5WnqHKZ0Xy9w0CKf83bbrwYA==}
    dependencies:
      '@netflix/nerror': 1.1.3
      assert-plus: 1.0.0
      lodash: 4.17.21
    optionalDependencies:
      safe-json-stringify: 1.2.0
    dev: false

  /restify/8.6.1:
    resolution: {integrity: sha512-I54/Geo2qN4K/2Ers+zNAU/A/nwPrcoTVBVeamw/sROv/kLLuMAzidLmO3f6842tKFxxQvcNhOMYoWZAhYr3vQ==}
    engines: {node: '>=8.3.0'}
    hasBin: true
    dependencies:
      assert-plus: 1.0.0
      bunyan: 1.8.15
      csv: 5.5.3
      escape-regexp-component: 1.0.2
      ewma: 2.0.1
      find-my-way: 2.2.5
      formidable: 1.2.6
      http-signature: 1.3.6
      lodash: 4.17.21
      lru-cache: 5.1.1
      mime: 2.6.0
      negotiator: 0.6.3
      once: 1.4.0
      pidusage: 2.0.21
      qs: 6.11.0
      restify-errors: 8.0.2
      semver: 6.3.0
      send: 0.16.2
      spdy: 4.0.2
      uuid: 3.4.0
      vasync: 2.2.1
    optionalDependencies:
      dtrace-provider: 0.8.8
    transitivePeerDependencies:
      - supports-color
    dev: false

  /ret/0.2.2:
    resolution: {integrity: sha512-M0b3YWQs7R3Z917WRQy1HHA7Ba7D8hvZg6UE5mLykJxQVE2ju0IXbGlaHPPlkY+WN7wFP+wUMXmBFA0aV6vYGQ==}
    engines: {node: '>=4'}
    dev: false

  /rimraf/2.4.5:
    resolution: {integrity: sha512-J5xnxTyqaiw06JjMftq7L9ouA448dw/E7dKghkP9WpKNuwmARNNg+Gk8/u5ryb9N/Yo2+z3MCwuqFK/+qPOPfQ==}
    hasBin: true
    dependencies:
      glob: 6.0.4
    dev: false
    optional: true

  /safe-buffer/5.1.2:
    resolution: {integrity: sha512-Gd2UZBJDkXlY7GbJxfsE8/nvKkUEU1G38c1siN6QP6a9PT9MmHB8GnpscSmMJSoF8LOIrt8ud/wPtojys4G6+g==}
    dev: false

  /safe-buffer/5.2.1:
    resolution: {integrity: sha512-rp3So07KcdmmKbGvgaNxQSJr7bGVSVk5S9Eq1F+ppbRo70+YeaDxkw5Dd8NPN+GD6bjnYm2VuPuCXmpuYvmCXQ==}
    dev: false

  /safe-json-stringify/1.2.0:
    resolution: {integrity: sha512-gH8eh2nZudPQO6TytOvbxnuhYBOvDBBLW52tz5q6X58lJcd/tkmqFR+5Z9adS8aJtURSXWThWy/xJtJwixErvg==}
    requiresBuild: true
    dev: false
    optional: true

  /safe-regex2/2.0.0:
    resolution: {integrity: sha512-PaUSFsUaNNuKwkBijoAPHAK6/eM6VirvyPWlZ7BAQy4D+hCvh4B6lIG+nPdhbFfIbP+gTGBcrdsOaUs0F+ZBOQ==}
    dependencies:
      ret: 0.2.2
    dev: false

  /safer-buffer/2.1.2:
    resolution: {integrity: sha512-YZo3K82SD7Riyi0E1EQPojLz7kpepnSQI9IyPbHHg1XXXevb5dJI7tpyN2ADxGcQbHG7vcyRHk0cbwqcQriUtg==}
    dev: false

  /select-hose/2.0.0:
    resolution: {integrity: sha512-mEugaLK+YfkijB4fx0e6kImuJdCIt2LxCRcbEYPqRGCs4F2ogyfZU5IAZRdjCP8JPq2AtdNoC/Dux63d9Kiryg==}
    dev: false

  /semver-store/0.3.0:
    resolution: {integrity: sha512-TcZvGMMy9vodEFSse30lWinkj+JgOBvPn8wRItpQRSayhc+4ssDs335uklkfvQQJgL/WvmHLVj4Ycv2s7QCQMg==}
    dev: false

  /semver/6.3.0:
    resolution: {integrity: sha512-b39TBaTSfV6yBrapU89p5fKekE2m/NwnDocOVruQFS1/veMgdzuPcnOM34M6CwxW8jH/lxEa5rBoDeUwu5HHTw==}
    hasBin: true
    dev: false

  /send/0.16.2:
    resolution: {integrity: sha512-E64YFPUssFHEFBvpbbjr44NCLtI1AohxQ8ZSiJjQLskAdKuriYEP6VyGEsRDH8ScozGpkaX1BGvhanqCwkcEZw==}
    engines: {node: '>= 0.8.0'}
    dependencies:
      debug: 2.6.9
      depd: 1.1.2
      destroy: 1.0.4
      encodeurl: 1.0.2
      escape-html: 1.0.3
      etag: 1.8.1
      fresh: 0.5.2
      http-errors: 1.6.3
      mime: 1.4.1
      ms: 2.0.0
      on-finished: 2.3.0
      range-parser: 1.2.1
      statuses: 1.4.0
    transitivePeerDependencies:
      - supports-color
    dev: false

  /setprototypeof/1.1.0:
    resolution: {integrity: sha512-BvE/TwpZX4FXExxOxZyRGQQv651MSwmWKZGqvmPcRIjDqWub67kTKuIMx43cZZrS/cBBzwBcNDWoFxt2XEFIpQ==}
    dev: false

  /side-channel/1.0.4:
    resolution: {integrity: sha512-q5XPytqFEIKHkGdiMIrY10mvLRvnQh42/+GoBlFW3b2LXLE2xxJpZFdm94we0BaoV3RwJyGqg5wS7epxTv0Zvw==}
    dependencies:
      call-bind: 1.0.2
      get-intrinsic: 1.1.3
      object-inspect: 1.12.2
    dev: false

  /spdy-transport/3.0.0:
    resolution: {integrity: sha512-hsLVFE5SjA6TCisWeJXFKniGGOpBgMLmerfO2aCyCU5s7nJ/rpAepqmFifv/GCbSbueEeAJJnmSQ2rKC/g8Fcw==}
    dependencies:
      debug: 4.3.4
      detect-node: 2.1.0
      hpack.js: 2.1.6
      obuf: 1.1.2
      readable-stream: 3.6.0
      wbuf: 1.7.3
    transitivePeerDependencies:
      - supports-color
    dev: false

  /spdy/4.0.2:
    resolution: {integrity: sha512-r46gZQZQV+Kl9oItvl1JZZqJKGr+oEkB08A6BzkiR7593/7IbtuncXHd2YoYeTsG4157ZssMu9KYvUHLcjcDoA==}
    engines: {node: '>=6.0.0'}
    dependencies:
      debug: 4.3.4
      handle-thing: 2.0.1
      http-deceiver: 1.2.7
      select-hose: 2.0.0
      spdy-transport: 3.0.0
    transitivePeerDependencies:
      - supports-color
    dev: false

  /sshpk/1.17.0:
    resolution: {integrity: sha512-/9HIEs1ZXGhSPE8X6Ccm7Nam1z8KcoCqPdI7ecm1N33EzAetWahvQWVqLZtaZQ+IDKX4IyA2o0gBzqIMkAagHQ==}
    engines: {node: '>=0.10.0'}
    hasBin: true
    dependencies:
      asn1: 0.2.6
      assert-plus: 1.0.0
      bcrypt-pbkdf: 1.0.2
      dashdash: 1.14.1
      ecc-jsbn: 0.1.2
      getpass: 0.1.7
      jsbn: 0.1.1
      safer-buffer: 2.1.2
      tweetnacl: 0.14.5
    dev: false

  /statuses/1.4.0:
    resolution: {integrity: sha512-zhSCtt8v2NDrRlPQpCNtw/heZLtfUDqxBM1udqikb/Hbk52LK4nQSwr10u77iopCW5LsyHpuXS0GnEc48mLeew==}
    engines: {node: '>= 0.6'}
    dev: false

  /stream-transform/2.1.3:
    resolution: {integrity: sha512-9GHUiM5hMiCi6Y03jD2ARC1ettBXkQBoQAe7nJsPknnI0ow10aXjTnew8QtYQmLjzn974BnmWEAJgCY6ZP1DeQ==}
    dependencies:
      mixme: 0.5.4
    dev: false

  /string_decoder/1.1.1:
    resolution: {integrity: sha512-n/ShnvDi6FHbbVfviro+WojiFzv+s8MPMHBczVePfUpDJLwoLT0ht1l4YwBCbi8pJAveEEdnkHyPyTP/mzRfwg==}
    dependencies:
      safe-buffer: 5.1.2
    dev: false

  /string_decoder/1.3.0:
    resolution: {integrity: sha512-hkRX8U1WjJFd8LsDJ2yQ/wWWxaopEsABU1XfkM8A+j0+85JAGppt16cr1Whg6KIbb4okU6Mql6BOj+uup/wKeA==}
    dependencies:
      safe-buffer: 5.2.1
    dev: false

  /tweetnacl/0.14.5:
    resolution: {integrity: sha512-KXXFFdAbFXY4geFIwoyNK+f5Z1b7swfXABfL7HXCmoIWMKU3dmS26672A4EeQtDzLKy7SXmfBu51JolvEKwtGA==}
    dev: false

  /util-deprecate/1.0.2:
    resolution: {integrity: sha512-EPD5q1uXyFxJpCrLnCc1nHnq3gOa6DZBocAIiI2TaSCA7VCJ1UJDMagCzIkXNsUYfD1daK//LTEQ8xiIbrHtcw==}
    dev: false

  /uuid/3.4.0:
    resolution: {integrity: sha512-HjSDRw6gZE5JMggctHBcjVak08+KEVhSIiDzFnT9S9aegmp85S/bReBVTb4QTFaRNptJ9kuYaNhnbNEOkbKb/A==}
    deprecated: Please upgrade  to version 7 or higher.  Older versions may use Math.random() in certain circumstances, which is known to be problematic.  See https://v8.dev/blog/math-random for details.
    hasBin: true
    dev: false

  /vasync/2.2.1:
    resolution: {integrity: sha512-Hq72JaTpcTFdWiNA4Y22Amej2GH3BFmBaKPPlDZ4/oC8HNn2ISHLkFrJU4Ds8R3jcUi7oo5Y9jcMHKjES+N9wQ==}
    engines: {'0': node >=0.6.0}
    dependencies:
      verror: 1.10.0
    dev: false

  /verror/1.10.0:
    resolution: {integrity: sha1-OhBcoXBTr1XW4nDB+CiGguGNpAA=}
    engines: {'0': node >=0.6.0}
    dependencies:
      assert-plus: 1.0.0
      core-util-is: 1.0.2
      extsprintf: 1.4.1
    dev: false

  /wbuf/1.7.3:
    resolution: {integrity: sha512-O84QOnr0icsbFGLS0O3bI5FswxzRr8/gHwWkDlQFskhSPryQXvrTMxjxGP4+iWYoauLoBvfDpkrOauZ+0iZpDA==}
    dependencies:
      minimalistic-assert: 1.0.1
    dev: false

  /wrappy/1.0.2:
    resolution: {integrity: sha512-l4Sp/DRseor9wL6EvV2+TuQn63dMkPjZ/sp9XkghTEbV9KlPS1xUsZ3u7/IQO4wxtcFB4bgpQPRcR3QCvezPcQ==}
    dev: false

  /yallist/3.1.1:
    resolution: {integrity: sha512-a4UGQaWPH59mOXUYnAG2ewncQS4i4F43Tv3JoAM+s2VDAmS9NsK8GpDMLrCHPksFT7h3K6TOoUNn2pb7RoXx4g==}
    dev: false
